
Microsoft Visual Studio Solution File, Format Version 12.00
# Visual Studio 2012
Project("{FAE04EC0-301F-11D3-BF4B-00C04F79EFBC}") = "PremierLeague", "PremierLeague\PremierLeague.csproj", "{905ED2B3-3AE8-46B1-BC29-F4F95F5FE474}"
EndProject
Global
	GlobalSection(SolutionConfigurationPlatforms) = preSolution
		Debug|Any CPU = Debug|Any CPU
		Release|Any CPU = Release|Any CPU
	EndGlobalSection
	GlobalSection(ProjectConfigurationPlatforms) = postSolution
		{905ED2B3-3AE8-46B1-BC29-F4F95F5FE474}.Debug|Any CPU.ActiveCfg = Debug|Any CPU
		{905ED2B3-3AE8-46B1-BC29-F4F95F5FE474}.Debug|Any CPU.Build.0 = Debug|Any CPU
		{905ED2B3-3AE8-46B1-BC29-F4F95F5FE474}.Release|Any CPU.ActiveCfg = Release|Any CPU
		{905ED2B3-3AE8-46B1-BC29-F4F95F5FE474}.Release|Any CPU.Build.0 = Release|Any CPU
	EndGlobalSection
	GlobalSection(SolutionProperties) = preSolution
		HideSolutionNode = FALSE
	EndGlobalSection
EndGlobal
